
Microsoft Visual Studio Solution File, Format Version 12.00
# Visual Studio Version 16
VisualStudioVersion = 16.0.29424.173
MinimumVisualStudioVersion = 10.0.40219.1
Project("{FAE04EC0-301F-11D3-BF4B-00C04F79EFBC}") = "ReflectionDynamicFilter", "ReflectionDynamicFilter.csproj", "{A26E07D5-FE99-4FAC-98EE-EB2A450F38A7}"
EndProject
Global
	GlobalSection(SolutionConfigurationPlatforms) = preSolution
		Debug|Any CPU = Debug|Any CPU
		Release|Any CPU = Release|Any CPU
	EndGlobalSection
	GlobalSection(ProjectConfigurationPlatforms) = postSolution
		{A26E07D5-FE99-4FAC-98EE-EB2A450F38A7}.Debug|Any CPU.ActiveCfg = Debug|Any CPU
		{A26E07D5-FE99-4FAC-98EE-EB2A450F38A7}.Debug|Any CPU.Build.0 = Debug|Any CPU
		{A26E07D5-FE99-4FAC-98EE-EB2A450F38A7}.Release|Any CPU.ActiveCfg = Release|Any CPU
		{A26E07D5-FE99-4FAC-98EE-EB2A450F38A7}.Release|Any CPU.Build.0 = Release|Any CPU
	EndGlobalSection
	GlobalSection(SolutionProperties) = preSolution
		HideSolutionNode = FALSE
	EndGlobalSection
	GlobalSection(ExtensibilityGlobals) = postSolution
		SolutionGuid = {6B88ED8F-EA44-4A02-AC2C-EC17151A2674}
	EndGlobalSection
EndGlobal
